PODS:
  - amazon_chime_plugin (0.0.1):
    - AmazonChimeSDK-Bitcode (= 0.23.1)
    - Flutter
  - AmazonChimeSDK-Bitcode (0.23.1):
    - AmazonChimeSDKMedia-Bitcode (= 0.18.1)
  - AmazonChimeSDKMedia-Bitcode (0.18.1)
  - Flutter (1.0.0)
  - integration_test (0.0.1):
    - Flutter
  - permission_handler_apple (9.1.1):
    - Flutter

DEPENDENCIES:
  - amazon_chime_plugin (from `.symlinks/plugins/amazon_chime_plugin/ios`)
  - Flutter (from `Flutter`)
  - integration_test (from `.symlinks/plugins/integration_test/ios`)
  - permission_handler_apple (from `.symlinks/plugins/permission_handler_apple/ios`)

SPEC REPOS:
  trunk:
    - AmazonChimeSDK-Bitcode
    - AmazonChimeSDKMedia-Bitcode

EXTERNAL SOURCES:
  amazon_chime_plugin:
    :path: ".symlinks/plugins/amazon_chime_plugin/ios"
  Flutter:
    :path: Flutter
  integration_test:
    :path: ".symlinks/plugins/integration_test/ios"
  permission_handler_apple:
    :path: ".symlinks/plugins/permission_handler_apple/ios"

SPEC CHECKSUMS:
  amazon_chime_plugin: 4e33d2f3076bfaa6d3263a6db94097ea9afb33a4
  AmazonChimeSDK-Bitcode: d84fa7718ad937a1c9e4cce17aee55e379e83601
  AmazonChimeSDKMedia-Bitcode: d2a2d28dbbc905d95b78edf2a4b91af76eee867a
  Flutter: e0871f40cf51350855a761d2e70bf5af5b9b5de7
  integration_test: 13825b8a9334a850581300559b8839134b124670
  permission_handler_apple: e76247795d700c14ea09e3a2d8855d41ee80a2e6

PODFILE CHECKSUM: b693d4029366bc23c1eda2db86f00c8cc787b35d

COCOAPODS: 1.15.2
