PODS:
  - amazon_chime_plugin (0.0.2):
    - AmazonChimeSDK (= 0.25.0)
    - Flutter
  - AmazonChimeSDK (0.25.0):
    - AmazonChimeSDKMedia (= 0.20.0)
  - AmazonChimeSDKMedia (0.20.0)
  - Flutter (1.0.0)
  - integration_test (0.0.1):
    - Flutter
  - permission_handler_apple (9.1.1):
    - Flutter

DEPENDENCIES:
  - amazon_chime_plugin (from `.symlinks/plugins/amazon_chime_plugin/ios`)
  - Flutter (from `Flutter`)
  - integration_test (from `.symlinks/plugins/integration_test/ios`)
  - permission_handler_apple (from `.symlinks/plugins/permission_handler_apple/ios`)

SPEC REPOS:
  trunk:
    - AmazonChimeSDK
    - AmazonChimeSDKMedia

EXTERNAL SOURCES:
  amazon_chime_plugin:
    :path: ".symlinks/plugins/amazon_chime_plugin/ios"
  Flutter:
    :path: Flutter
  integration_test:
    :path: ".symlinks/plugins/integration_test/ios"
  permission_handler_apple:
    :path: ".symlinks/plugins/permission_handler_apple/ios"

SPEC CHECKSUMS:
  amazon_chime_plugin: 95af27c80b7dd2503d4f76ebe3c40a71a296d796
  AmazonChimeSDK: c1ec29eb180cc95627b1c3110e001b10160da6af
  AmazonChimeSDKMedia: 9a5665dc05cdd7ae94cd919136154580460bb7c9
  Flutter: e0871f40cf51350855a761d2e70bf5af5b9b5de7
  integration_test: ce0a3ffa1de96d1a89ca0ac26fca7ea18a749ef4
  permission_handler_apple: e76247795d700c14ea09e3a2d8855d41ee80a2e6

PODFILE CHECKSUM: b693d4029366bc23c1eda2db86f00c8cc787b35d

COCOAPODS: 1.15.2
